// !$*UTF8*$!
{
	archiveVersion = 1;
	classes = {
	};
	objectVersion = 50;
	objects = {

/* Begin PBXBuildFile section */
		7E5914FB2516C2F900FDB287 /* SantaMonica.usdz in Resources */ = {isa = PBXBuildFile; fileRef = 7E5914F92516C2F800FDB287 /* SantaMonica.usdz */; };
		7E5914FC2516C2F900FDB287 /* Anaheim.usdz in Resources */ = {isa = PBXBuildFile; fileRef = 7E5914FA2516C2F800FDB287 /* Anaheim.usdz */; };
		7E5915002516D87E00FDB287 /* LosAngeles.usdz in Resources */ = {isa = PBXBuildFile; fileRef = 7E5914FF2516D87E00FDB287 /* LosAngeles.usdz */; };
		7E5915082517073D00FDB287 /* HuntingtonBeach.usdz in Resources */ = {isa = PBXBuildFile; fileRef = 7E5915072517073C00FDB287 /* HuntingtonBeach.usdz */; };
		7E89EB2525119E720069878A /* AppDelegate.swift in Sources */ = {isa = PBXBuildFile; fileRef = 7E89EB2425119E720069878A /* AppDelegate.swift */; };
		7E89EB2925119E720069878A /* ViewController.swift in Sources */ = {isa = PBXBuildFile; fileRef = 7E89EB2825119E720069878A /* ViewController.swift */; };
		7E89EB2C25119E720069878A /* Main.storyboard in Resources */ = {isa = PBXBuildFile; fileRef = 7E89EB2A25119E720069878A /* Main.storyboard */; };
		7E89EB3125119E750069878A /* LaunchScreen.storyboard in Resources */ = {isa = PBXBuildFile; fileRef = 7E89EB2F25119E750069878A /* LaunchScreen.storyboard */; };
		7E89EB3A2511A5510069878A /* Assets.xcassets in Resources */ = {isa = PBXBuildFile; fileRef = 7E89EB2D25119E750069878A /* Assets.xcassets */; };
		7EF60D8425169DB00051D0EB /* LongBeach.usdz in Resources */ = {isa = PBXBuildFile; fileRef = 7EF60D8325169DB00051D0EB /* LongBeach.usdz */; };
		7EF60D8625169E300051D0EB /* Irvine.usdz in Resources */ = {isa = PBXBuildFile; fileRef = 7EF60D8525169E300051D0EB /* Irvine.usdz */; };
/* End PBXBuildFile section */

/* Begin PBXFileReference section */
		7E5914F92516C2F800FDB287 /* SantaMonica.usdz */ = {isa = PBXFileReference; lastKnownFileType = file.usdz; path = SantaMonica.usdz; sourceTree = "<group>"; };
		7E5914FA2516C2F800FDB287 /* Anaheim.usdz */ = {isa = PBXFileReference; lastKnownFileType = file.usdz; path = Anaheim.usdz; sourceTree = "<group>"; };
		7E5914FF2516D87E00FDB287 /* LosAngeles.usdz */ = {isa = PBXFileReference; lastKnownFileType = file.usdz; name = LosAngeles.usdz; path = "../../../../Creative Cloud Files/LosAngeles.usdz"; sourceTree = "<group>"; };
		7E5915072517073C00FDB287 /* HuntingtonBeach.usdz */ = {isa = PBXFileReference; lastKnownFileType = file.usdz; path = HuntingtonBeach.usdz; sourceTree = "<group>"; };
		7E89EB2125119E720069878A /* SoCal AR Map - ARKit.app */ = {isa = PBXFileReference; explicitFileType = wrapper.application; includeInIndex = 0; path = "SoCal AR Map - ARKit.app"; sourceTree = BUILT_PRODUCTS_DIR; };
		7E89EB2425119E720069878A /* AppDelegate.swift */ = {isa = PBXFileReference; lastKnownFileType = sourcecode.swift; path = AppDelegate.swift; sourceTree = "<group>"; };
		7E89EB2825119E720069878A /* ViewController.swift */ = {isa = PBXFileReference; lastKnownFileType = sourcecode.swift; path = ViewController.swift; sourceTree = "<group>"; };
		7E89EB2B25119E720069878A /* Base */ = {isa = PBXFileReference; lastKnownFileType = file.storyboard; name = Base; path = Base.lproj/Main.storyboard; sourceTree = "<group>"; };
		7E89EB2D25119E750069878A /* Assets.xcassets */ = {isa = PBXFileReference; lastKnownFileType = folder.assetcatalog; path = Assets.xcassets; sourceTree = "<group>"; };
		7E89EB3025119E750069878A /* Base */ = {isa = PBXFileReference; lastKnownFileType = file.storyboard; name = Base; path = Base.lproj/LaunchScreen.storyboard; sourceTree = "<group>"; };
		7E89EB3225119E750069878A /* Info.plist */ = {isa = PBXFileReference; lastKnownFileType = text.plist.xml; path = Info.plist; sourceTree = "<group>"; };
		7EF60D8325169DB00051D0EB /* LongBeach.usdz */ = {isa = PBXFileReference; lastKnownFileType = file.usdz; path = LongBeach.usdz; sourceTree = "<group>"; };
		7EF60D8525169E300051D0EB /* Irvine.usdz */ = {isa = PBXFileReference; lastKnownFileType = file.usdz; path = Irvine.usdz; sourceTree = "<group>"; };
/* End PBXFileReference section */

/* Begin PBXFrameworksBuildPhase section */
		7E89EB1E25119E720069878A /* Frameworks */ = {
			isa = PBXFrameworksBuildPhase;
			buildActionMask = 2147483647;
			files = (
			);
			runOnlyForDeploymentPostprocessing = 0;
		};
/* End PBXFrameworksBuildPhase section */

/* Begin PBXGroup section */
		7E89EB1825119E720069878A = {
			isa = PBXGroup;
			children = (
				7E89EB2325119E720069878A /* SoCal AR Map - ARKit */,
				7E89EB2225119E720069878A /* Products */,
			);
			sourceTree = "<group>";
		};
		7E89EB2225119E720069878A /* Products */ = {
			isa = PBXGroup;
			children = (
				7E89EB2125119E720069878A /* SoCal AR Map - ARKit.app */,
			);
			name = Products;
			sourceTree = "<group>";
		};
		7E89EB2325119E720069878A /* SoCal AR Map - ARKit */ = {
			isa = PBXGroup;
			children = (
				7E5914FA2516C2F800FDB287 /* Anaheim.usdz */,
				7E5914F92516C2F800FDB287 /* SantaMonica.usdz */,
				7E5915072517073C00FDB287 /* HuntingtonBeach.usdz */,
				7EF60D8525169E300051D0EB /* Irvine.usdz */,
				7E5914FF2516D87E00FDB287 /* LosAngeles.usdz */,
				7EF60D8325169DB00051D0EB /* LongBeach.usdz */,
				7E89EB2425119E720069878A /* AppDelegate.swift */,
				7E89EB2825119E720069878A /* ViewController.swift */,
				7E89EB2A25119E720069878A /* Main.storyboard */,
				7E89EB2D25119E750069878A /* Assets.xcassets */,
				7E89EB2F25119E750069878A /* LaunchScreen.storyboard */,
				7E89EB3225119E750069878A /* Info.plist */,
			);
			path = "SoCal AR Map - ARKit";
			sourceTree = "<group>";
		};
/* End PBXGroup section */

/* Begin PBXNativeTarget section */
		7E89EB2025119E720069878A /* SoCal AR Map - ARKit */ = {
			isa = PBXNativeTarget;
			buildConfigurationList = 7E89EB3525119E750069878A /* Build configuration list for PBXNativeTarget "SoCal AR Map - ARKit" */;
			buildPhases = (
				7E89EB1D25119E720069878A /* Sources */,
				7E89EB1E25119E720069878A /* Frameworks */,
				7E89EB1F25119E720069878A /* Resources */,
			);
			buildRules = (
			);
			dependencies = (
			);
			name = "SoCal AR Map - ARKit";
			productName = "SoCal AR Map - ARKit";
			productReference = 7E89EB2125119E720069878A /* SoCal AR Map - ARKit.app */;
			productType = "com.apple.product-type.application";
		};
/* End PBXNativeTarget section */

/* Begin PBXProject section */
		7E89EB1925119E720069878A /* Project object */ = {
			isa = PBXProject;
			attributes = {
				LastSwiftUpdateCheck = 1170;
				LastUpgradeCheck = 1170;
				ORGANIZATIONNAME = "Matthew Krager";
				TargetAttributes = {
					7E89EB2025119E720069878A = {
						CreatedOnToolsVersion = 11.7;
					};
				};
			};
			buildConfigurationList = 7E89EB1C25119E720069878A /* Build configuration list for PBXProject "SoCal AR Map - ARKit" */;
			compatibilityVersion = "Xcode 9.3";
			developmentRegion = en;
			hasScannedForEncodings = 0;
			knownRegions = (
				en,
				Base,
			);
			mainGroup = 7E89EB1825119E720069878A;
			productRefGroup = 7E89EB2225119E720069878A /* Products */;
			projectDirPath = "";
			projectRoot = "";
			targets = (
				7E89EB2025119E720069878A /* SoCal AR Map - ARKit */,
			);
		};
/* End PBXProject section */

/* Begin PBXResourcesBuildPhase section */
		7E89EB1F25119E720069878A /* Resources */ = {
			isa = PBXResourcesBuildPhase;
			buildActionMask = 2147483647;
			files = (
				7E5915082517073D00FDB287 /* HuntingtonBeach.usdz in Resources */,
				7EF60D8425169DB00051D0EB /* LongBeach.usdz in Resources */,
				7E89EB3125119E750069878A /* LaunchScreen.storyboard in Resources */,
				7E5914FB2516C2F900FDB287 /* SantaMonica.usdz in Resources */,
				7E5914FC2516C2F900FDB287 /* Anaheim.usdz in Resources */,
				7E5915002516D87E00FDB287 /* LosAngeles.usdz in Resources */,
				7E89EB3A2511A5510069878A /* Assets.xcassets in Resources */,
				7EF60D8625169E300051D0EB /* Irvine.usdz in Resources */,
				7E89EB2C25119E720069878A /* Main.storyboard in Resources */,
			);
			runOnlyForDeploymentPostprocessing = 0;
		};
/* End PBXResourcesBuildPhase section */

/* Begin PBXSourcesBuildPhase section */
		7E89EB1D25119E720069878A /* Sources */ = {
			isa = PBXSourcesBuildPhase;
			buildActionMask = 2147483647;
			files = (
				7E89EB2925119E720069878A /* ViewController.swift in Sources */,
				7E89EB2525119E720069878A /* AppDelegate.swift in Sources */,
			);
			runOnlyForDeploymentPostprocessing = 0;
		};
/* End PBXSourcesBuildPhase section */

/* Begin PBXVariantGroup section */
		7E89EB2A25119E720069878A /* Main.storyboard */ = {
			isa = PBXVariantGroup;
			children = (
				7E89EB2B25119E720069878A /* Base */,
			);
			name = Main.storyboard;
			sourceTree = "<group>";
		};
		7E89EB2F25119E750069878A /* LaunchScreen.storyboard */ = {
			isa = PBXVariantGroup;
			children = (
				7E89EB3025119E750069878A /* Base */,
			);
			name = LaunchScreen.storyboard;
			sourceTree = "<group>";
		};
/* End PBXVariantGroup section */

/* Begin XCBuildConfiguration section */
		7E89EB3325119E750069878A /* Debug */ = {
			isa = XCBuildConfiguration;
			buildSettings = {
				ALWAYS_SEARCH_USER_PATHS = NO;
				CLANG_ANALYZER_NONNULL = YES;
				CLANG_ANALYZER_NUMBER_OBJECT_CONVERSION = YES_AGGRESSIVE;
				CLANG_CXX_LANGUAGE_STANDARD = "gnu++14";
				CLANG_CXX_LIBRARY = "libc++";
				CLANG_ENABLE_MODULES = YES;
				CLANG_ENABLE_OBJC_ARC = YES;
				CLANG_ENABLE_OBJC_WEAK = YES;
				CLANG_WARN_BLOCK_CAPTURE_AUTORELEASING = YES;
				CLANG_WARN_BOOL_CONVERSION = YES;
				CLANG_WARN_COMMA = YES;
				CLANG_WARN_CONSTANT_CONVERSION = YES;
				CLANG_WARN_DEPRECATED_OBJC_IMPLEMENTATIONS = YES;
				CLANG_WARN_DIRECT_OBJC_ISA_USAGE = YES_ERROR;
				CLANG_WARN_DOCUMENTATION_COMMENTS = YES;
				CLANG_WARN_EMPTY_BODY = YES;
				CLANG_WARN_ENUM_CONVERSION = YES;
				CLANG_WARN_INFINITE_RECURSION = YES;
				CLANG_WARN_INT_CONVERSION = YES;
				CLANG_WARN_NON_LITERAL_NULL_CONVERSION = YES;
				CLANG_WARN_OBJC_IMPLICIT_RETAIN_SELF = YES;
				CLANG_WARN_OBJC_LITERAL_CONVERSION = YES;
				CLANG_WARN_OBJC_ROOT_CLASS = YES_ERROR;
				CLANG_WARN_RANGE_LOOP_ANALYSIS = YES;
				CLANG_WARN_STRICT_PROTOTYPES = YES;
				CLANG_WARN_SUSPICIOUS_MOVE = YES;
				CLANG_WARN_UNGUARDED_AVAILABILITY = YES_AGGRESSIVE;
				CLANG_WARN_UNREACHABLE_CODE = YES;
				CLANG_WARN__DUPLICATE_METHOD_MATCH = YES;
				COPY_PHASE_STRIP = NO;
				DEBUG_INFORMATION_FORMAT = dwarf;
				ENABLE_STRICT_OBJC_MSGSEND = YES;
				ENABLE_TESTABILITY = YES;
				GCC_C_LANGUAGE_STANDARD = gnu11;
				GCC_DYNAMIC_NO_PIC = NO;
				GCC_NO_COMMON_BLOCKS = YES;
				GCC_OPTIMIZATION_LEVEL = 0;
				GCC_PREPROCESSOR_DEFINITIONS = (
					"DEBUG=1",
					"$(inherited)",
				);
				GCC_WARN_64_TO_32_BIT_CONVERSION = YES;
				GCC_WARN_ABOUT_RETURN_TYPE = YES_ERROR;
				GCC_WARN_UNDECLARED_SELECTOR = YES;
				GCC_WARN_UNINITIALIZED_AUTOS = YES_AGGRESSIVE;
				GCC_WARN_UNUSED_FUNCTION = YES;
				GCC_WARN_UNUSED_VARIABLE = YES;
				IPHONEOS_DEPLOYMENT_TARGET = 13.7;
				MTL_ENABLE_DEBUG_INFO = INCLUDE_SOURCE;
				MTL_FAST_MATH = YES;
				ONLY_ACTIVE_ARCH = YES;
				SDKROOT = iphoneos;
				SWIFT_ACTIVE_COMPILATION_CONDITIONS = DEBUG;
				SWIFT_OPTIMIZATION_LEVEL = "-Onone";
			};
			name = Debug;
		};
		7E89EB3425119E750069878A /* Release */ = {
			isa = XCBuildConfiguration;
			buildSettings = {
				ALWAYS_SEARCH_USER_PATHS = NO;
				CLANG_ANALYZER_NONNULL = YES;
				CLANG_ANALYZER_NUMBER_OBJECT_CONVERSION = YES_AGGRESSIVE;
				CLANG_CXX_LANGUAGE_STANDARD = "gnu++14";
				CLANG_CXX_LIBRARY = "libc++";
				CLANG_ENABLE_MODULES = YES;
				CLANG_ENABLE_OBJC_ARC = YES;
				CLANG_ENABLE_OBJC_WEAK = YES;
				CLANG_WARN_BLOCK_CAPTURE_AUTORELEASING = YES;
				CLANG_WARN_BOOL_CONVERSION = YES;
				CLANG_WARN_COMMA = YES;
				CLANG_WARN_CONSTANT_CONVERSION = YES;
				CLANG_WARN_DEPRECATED_OBJC_IMPLEMENTATIONS = YES;
				CLANG_WARN_DIRECT_OBJC_ISA_USAGE = YES_ERROR;
				CLANG_WARN_DOCUMENTATION_COMMENTS = YES;
				CLANG_WARN_EMPTY_BODY = YES;
				CLANG_WARN_ENUM_CONVERSION = YES;
				CLANG_WARN_INFINITE_RECURSION = YES;
				CLANG_WARN_INT_CONVERSION = YES;
				CLANG_WARN_NON_LITERAL_NULL_CONVERSION = YES;
				CLANG_WARN_OBJC_IMPLICIT_RETAIN_SELF = YES;
				CLANG_WARN_OBJC_LITERAL_CONVERSION = YES;
				CLANG_WARN_OBJC_ROOT_CLASS = YES_ERROR;
				CLANG_WARN_RANGE_LOOP_ANALYSIS = YES;
				CLANG_WARN_STRICT_PROTOTYPES = YES;
				CLANG_WARN_SUSPICIOUS_MOVE = YES;
				CLANG_WARN_UNGUARDED_AVAILABILITY = YES_AGGRESSIVE;
				CLANG_WARN_UNREACHABLE_CODE = YES;
				CLANG_WARN__DUPLICATE_METHOD_MATCH = YES;
				COPY_PHASE_STRIP = NO;
				DEBUG_INFORMATION_FORMAT = "dwarf-with-dsym";
				ENABLE_NS_ASSERTIONS = NO;
				ENABLE_STRICT_OBJC_MSGSEND = YES;
				GCC_C_LANGUAGE_STANDARD = gnu11;
				GCC_NO_COMMON_BLOCKS = YES;
				GCC_WARN_64_TO_32_BIT_CONVERSION = YES;
				GCC_WARN_ABOUT_RETURN_TYPE = YES_ERROR;
				GCC_WARN_UNDECLARED_SELECTOR = YES;
				GCC_WARN_UNINITIALIZED_AUTOS = YES_AGGRESSIVE;
				GCC_WARN_UNUSED_FUNCTION = YES;
				GCC_WARN_UNUSED_VARIABLE = YES;
				IPHONEOS_DEPLOYMENT_TARGET = 13.7;
				MTL_ENABLE_DEBUG_INFO = NO;
				MTL_FAST_MATH = YES;
				SDKROOT = iphoneos;
				SWIFT_COMPILATION_MODE = wholemodule;
				SWIFT_OPTIMIZATION_LEVEL = "-O";
				VALIDATE_PRODUCT = YES;
			};
			name = Release;
		};
		7E89EB3625119E750069878A /* Debug */ = {
			isa = XCBuildConfiguration;
			buildSettings = {
				ASSETCATALOG_COMPILER_APPICON_NAME = AppIcon;
				CODE_SIGN_STYLE = Automatic;
				DEVELOPMENT_TEAM = 2FKX4SDTGM;
				INFOPLIST_FILE = "SoCal AR Map - ARKit/Info.plist";
				IPHONEOS_DEPLOYMENT_TARGET = 13.2;
				LD_RUNPATH_SEARCH_PATHS = (
					"$(inherited)",
					"@executable_path/Frameworks",
				);
				PRODUCT_BUNDLE_IDENTIFIER = "Krager.SoCal-AR-Map---ARKit";
				PRODUCT_NAME = "$(TARGET_NAME)";
				SWIFT_VERSION = 5.0;
				TARGETED_DEVICE_FAMILY = "1,2";
			};
			name = Debug;
		};
		7E89EB3725119E750069878A /* Release */ = {
			isa = XCBuildConfiguration;
			buildSettings = {
				ASSETCATALOG_COMPILER_APPICON_NAME = AppIcon;
				CODE_SIGN_STYLE = Automatic;
				DEVELOPMENT_TEAM = 2FKX4SDTGM;
				INFOPLIST_FILE = "SoCal AR Map - ARKit/Info.plist";
				IPHONEOS_DEPLOYMENT_TARGET = 13.2;
				LD_RUNPATH_SEARCH_PATHS = (
					"$(inherited)",
					"@executable_path/Frameworks",
				);
				PRODUCT_BUNDLE_IDENTIFIER = "Krager.SoCal-AR-Map---ARKit";
				PRODUCT_NAME = "$(TARGET_NAME)";
				SWIFT_VERSION = 5.0;
				TARGETED_DEVICE_FAMILY = "1,2";
			};
			name = Release;
		};
/* End XCBuildConfiguration section */

/* Begin XCConfigurationList section */
		7E89EB1C25119E720069878A /* Build configuration list for PBXProject "SoCal AR Map - ARKit" */ = {
			isa = XCConfigurationList;
			buildConfigurations = (
				7E89EB3325119E750069878A /* Debug */,
				7E89EB3425119E750069878A /* Release */,
			);
			defaultConfigurationIsVisible = 0;
			defaultConfigurationName = Release;
		};
		7E89EB3525119E750069878A /* Build configuration list for PBXNativeTarget "SoCal AR Map - ARKit" */ = {
			isa = XCConfigurationList;
			buildConfigurations = (
				7E89EB3625119E750069878A /* Debug */,
				7E89EB3725119E750069878A /* Release */,
			);
			defaultConfigurationIsVisible = 0;
			defaultConfigurationName = Release;
		};
/* End XCConfigurationList section */
	};
	rootObject = 7E89EB1925119E720069878A /* Project object */;
}
